
Microsoft Visual Studio Solution File, Format Version 12.00
# Visual Studio Version 16
VisualStudioVersion = 16.0.33027.164
MinimumVisualStudioVersion = 10.0.40219.1
Project("{FAE04EC0-301F-11D3-BF4B-00C04F79EFBC}") = "GetLastModifiedDate", "GetLastModifiedDate.csproj", "{DAFFA4A7-BE80-4E65-93DF-33DAA1FFE2A7}"
EndProject
Global
	GlobalSection(SolutionConfigurationPlatforms) = preSolution
		Debug|Any CPU = Debug|Any CPU
		Release|Any CPU = Release|Any CPU
	EndGlobalSection
	GlobalSection(ProjectConfigurationPlatforms) = postSolution
		{DAFFA4A7-BE80-4E65-93DF-33DAA1FFE2A7}.Debug|Any CPU.ActiveCfg = Debug|Any CPU
		{DAFFA4A7-BE80-4E65-93DF-33DAA1FFE2A7}.Debug|Any CPU.Build.0 = Debug|Any CPU
		{DAFFA4A7-BE80-4E65-93DF-33DAA1FFE2A7}.Release|Any CPU.ActiveCfg = Release|Any CPU
		{DAFFA4A7-BE80-4E65-93DF-33DAA1FFE2A7}.Release|Any CPU.Build.0 = Release|Any CPU
	EndGlobalSection
	GlobalSection(SolutionProperties) = preSolution
		HideSolutionNode = FALSE
	EndGlobalSection
	GlobalSection(ExtensibilityGlobals) = postSolution
		SolutionGuid = {7392021E-4E4D-47AE-84AC-5691FEEAED46}
	EndGlobalSection
EndGlobal
